// !$*UTF8*$!
{
	archiveVersion = 1;
	classes = {
	};
	objectVersion = 56;
	objects = {

/* Begin PBXBuildFile section */
		029A054F2C568F0D0068C177 /* AnimalFactsApp.swift in Sources */ = {isa = PBXBuildFile; fileRef = 029A054E2C568F0D0068C177 /* AnimalFactsApp.swift */; };
		029A05512C568F0D0068C177 /* ContentView.swift in Sources */ = {isa = PBXBuildFile; fileRef = 029A05502C568F0D0068C177 /* ContentView.swift */; };
		029A05532C568F0F0068C177 /* Assets.xcassets in Resources */ = {isa = PBXBuildFile; fileRef = 029A05522C568F0F0068C177 /* Assets.xcassets */; };
		029A05562C568F0F0068C177 /* Preview Assets.xcassets in Resources */ = {isa = PBXBuildFile; fileRef = 029A05552C568F0F0068C177 /* Preview Assets.xcassets */; };
		029A05642C568FC90068C177 /* ComposableArchitecture in Frameworks */ = {isa = PBXBuildFile; productRef = 029A05632C568FC90068C177 /* ComposableArchitecture */; };
		029A05662C56910E0068C177 /* AnimalCategory.swift in Sources */ = {isa = PBXBuildFile; fileRef = 029A05652C56910E0068C177 /* AnimalCategory.swift */; };
		029A05682C5691300068C177 /* AnimalFact.swift in Sources */ = {isa = PBXBuildFile; fileRef = 029A05672C5691300068C177 /* AnimalFact.swift */; };
		029A056A2C56914A0068C177 /* CategoryStatus.swift in Sources */ = {isa = PBXBuildFile; fileRef = 029A05692C56914A0068C177 /* CategoryStatus.swift */; };
		029A056D2C569AB90068C177 /* LoadingView.swift in Sources */ = {isa = PBXBuildFile; fileRef = 029A056C2C569AB90068C177 /* LoadingView.swift */; };
		029A056F2C569AC90068C177 /* ErrorView.swift in Sources */ = {isa = PBXBuildFile; fileRef = 029A056E2C569AC90068C177 /* ErrorView.swift */; };
		029A05732C569B200068C177 /* AnimalCategoriesView.swift in Sources */ = {isa = PBXBuildFile; fileRef = 029A05722C569B200068C177 /* AnimalCategoriesView.swift */; };
		029A05752C569B330068C177 /* AnimalCategoriesFeature.swift in Sources */ = {isa = PBXBuildFile; fileRef = 029A05742C569B330068C177 /* AnimalCategoriesFeature.swift */; };
		029A05772C569B480068C177 /* AnimalFactsFeature.swift in Sources */ = {isa = PBXBuildFile; fileRef = 029A05762C569B480068C177 /* AnimalFactsFeature.swift */; };
		029A05792C569B590068C177 /* AnimalFactsView.swift in Sources */ = {isa = PBXBuildFile; fileRef = 029A05782C569B590068C177 /* AnimalFactsView.swift */; };
		029A057B2C569BEE0068C177 /* NetworkService.swift in Sources */ = {isa = PBXBuildFile; fileRef = 029A057A2C569BEE0068C177 /* NetworkService.swift */; };
		029A057D2C569C170068C177 /* Constants.swift in Sources */ = {isa = PBXBuildFile; fileRef = 029A057C2C569C170068C177 /* Constants.swift */; };
/* End PBXBuildFile section */

/* Begin PBXFileReference section */
		029A054B2C568F0D0068C177 /* AnimalFacts.app */ = {isa = PBXFileReference; explicitFileType = wrapper.application; includeInIndex = 0; path = AnimalFacts.app; sourceTree = BUILT_PRODUCTS_DIR; };
		029A054E2C568F0D0068C177 /* AnimalFactsApp.swift */ = {isa = PBXFileReference; lastKnownFileType = sourcecode.swift; path = AnimalFactsApp.swift; sourceTree = "<group>"; };
		029A05502C568F0D0068C177 /* ContentView.swift */ = {isa = PBXFileReference; lastKnownFileType = sourcecode.swift; path = ContentView.swift; sourceTree = "<group>"; };
		029A05522C568F0F0068C177 /* Assets.xcassets */ = {isa = PBXFileReference; lastKnownFileType = folder.assetcatalog; path = Assets.xcassets; sourceTree = "<group>"; };
		029A05552C568F0F0068C177 /* Preview Assets.xcassets */ = {isa = PBXFileReference; lastKnownFileType = folder.assetcatalog; path = "Preview Assets.xcassets"; sourceTree = "<group>"; };
		029A05652C56910E0068C177 /* AnimalCategory.swift */ = {isa = PBXFileReference; lastKnownFileType = sourcecode.swift; path = AnimalCategory.swift; sourceTree = "<group>"; };
		029A05672C5691300068C177 /* AnimalFact.swift */ = {isa = PBXFileReference; lastKnownFileType = sourcecode.swift; path = AnimalFact.swift; sourceTree = "<group>"; };
		029A05692C56914A0068C177 /* CategoryStatus.swift */ = {isa = PBXFileReference; lastKnownFileType = sourcecode.swift; path = CategoryStatus.swift; sourceTree = "<group>"; };
		029A056C2C569AB90068C177 /* LoadingView.swift */ = {isa = PBXFileReference; lastKnownFileType = sourcecode.swift; path = LoadingView.swift; sourceTree = "<group>"; };
		029A056E2C569AC90068C177 /* ErrorView.swift */ = {isa = PBXFileReference; lastKnownFileType = sourcecode.swift; path = ErrorView.swift; sourceTree = "<group>"; };
		029A05722C569B200068C177 /* AnimalCategoriesView.swift */ = {isa = PBXFileReference; lastKnownFileType = sourcecode.swift; path = AnimalCategoriesView.swift; sourceTree = "<group>"; };
		029A05742C569B330068C177 /* AnimalCategoriesFeature.swift */ = {isa = PBXFileReference; lastKnownFileType = sourcecode.swift; path = AnimalCategoriesFeature.swift; sourceTree = "<group>"; };
		029A05762C569B480068C177 /* AnimalFactsFeature.swift */ = {isa = PBXFileReference; lastKnownFileType = sourcecode.swift; path = AnimalFactsFeature.swift; sourceTree = "<group>"; };
		029A05782C569B590068C177 /* AnimalFactsView.swift */ = {isa = PBXFileReference; lastKnownFileType = sourcecode.swift; path = AnimalFactsView.swift; sourceTree = "<group>"; };
		029A057A2C569BEE0068C177 /* NetworkService.swift */ = {isa = PBXFileReference; lastKnownFileType = sourcecode.swift; path = NetworkService.swift; sourceTree = "<group>"; };
		029A057C2C569C170068C177 /* Constants.swift */ = {isa = PBXFileReference; lastKnownFileType = sourcecode.swift; path = Constants.swift; sourceTree = "<group>"; };
/* End PBXFileReference section */

/* Begin PBXFrameworksBuildPhase section */
		029A05482C568F0D0068C177 /* Frameworks */ = {
			isa = PBXFrameworksBuildPhase;
			buildActionMask = 2147483647;
			files = (
				029A05642C568FC90068C177 /* ComposableArchitecture in Frameworks */,
			);
			runOnlyForDeploymentPostprocessing = 0;
		};
/* End PBXFrameworksBuildPhase section */

/* Begin PBXGroup section */
		029A05422C568F0D0068C177 = {
			isa = PBXGroup;
			children = (
				029A054D2C568F0D0068C177 /* AnimalFacts */,
				029A054C2C568F0D0068C177 /* Products */,
			);
			sourceTree = "<group>";
		};
		029A054C2C568F0D0068C177 /* Products */ = {
			isa = PBXGroup;
			children = (
				029A054B2C568F0D0068C177 /* AnimalFacts.app */,
			);
			name = Products;
			sourceTree = "<group>";
		};
		029A054D2C568F0D0068C177 /* AnimalFacts */ = {
			isa = PBXGroup;
			children = (
				029A055C2C568F3F0068C177 /* App */,
				029A055D2C568F4B0068C177 /* Features */,
				029A05612C568F850068C177 /* Models */,
				029A055F2C568F760068C177 /* Services */,
				029A05602C568F7D0068C177 /* Shared */,
				029A055E2C568F5B0068C177 /* Resourses */,
				029A05502C568F0D0068C177 /* ContentView.swift */,
				029A05542C568F0F0068C177 /* Preview Content */,
			);
			path = AnimalFacts;
			sourceTree = "<group>";
		};
		029A05542C568F0F0068C177 /* Preview Content */ = {
			isa = PBXGroup;
			children = (
				029A05552C568F0F0068C177 /* Preview Assets.xcassets */,
			);
			path = "Preview Content";
			sourceTree = "<group>";
		};
		029A055C2C568F3F0068C177 /* App */ = {
			isa = PBXGroup;
			children = (
				029A054E2C568F0D0068C177 /* AnimalFactsApp.swift */,
			);
			path = App;
			sourceTree = "<group>";
		};
		029A055D2C568F4B0068C177 /* Features */ = {
			isa = PBXGroup;
			children = (
				029A05702C569AEC0068C177 /* AnimalCategories */,
				029A05712C569AF60068C177 /* AnimalFacts */,
			);
			path = Features;
			sourceTree = "<group>";
		};
		029A055E2C568F5B0068C177 /* Resourses */ = {
			isa = PBXGroup;
			children = (
				029A05522C568F0F0068C177 /* Assets.xcassets */,
			);
			path = Resourses;
			sourceTree = "<group>";
		};
		029A055F2C568F760068C177 /* Services */ = {
			isa = PBXGroup;
			children = (
				029A057A2C569BEE0068C177 /* NetworkService.swift */,
			);
			path = Services;
			sourceTree = "<group>";
		};
		029A05602C568F7D0068C177 /* Shared */ = {
			isa = PBXGroup;
			children = (
				029A056B2C569AAB0068C177 /* UI */,
				029A057C2C569C170068C177 /* Constants.swift */,
			);
			path = Shared;
			sourceTree = "<group>";
		};
		029A05612C568F850068C177 /* Models */ = {
			isa = PBXGroup;
			children = (
				029A05652C56910E0068C177 /* AnimalCategory.swift */,
				029A05672C5691300068C177 /* AnimalFact.swift */,
				029A05692C56914A0068C177 /* CategoryStatus.swift */,
			);
			path = Models;
			sourceTree = "<group>";
		};
		029A056B2C569AAB0068C177 /* UI */ = {
			isa = PBXGroup;
			children = (
				029A056C2C569AB90068C177 /* LoadingView.swift */,
				029A056E2C569AC90068C177 /* ErrorView.swift */,
			);
			path = UI;
			sourceTree = "<group>";
		};
		029A05702C569AEC0068C177 /* AnimalCategories */ = {
			isa = PBXGroup;
			children = (
				029A05722C569B200068C177 /* AnimalCategoriesView.swift */,
				029A05742C569B330068C177 /* AnimalCategoriesFeature.swift */,
			);
			path = AnimalCategories;
			sourceTree = "<group>";
		};
		029A05712C569AF60068C177 /* AnimalFacts */ = {
			isa = PBXGroup;
			children = (
				029A05762C569B480068C177 /* AnimalFactsFeature.swift */,
				029A05782C569B590068C177 /* AnimalFactsView.swift */,
			);
			path = AnimalFacts;
			sourceTree = "<group>";
		};
/* End PBXGroup section */

/* Begin PBXNativeTarget section */
		029A054A2C568F0D0068C177 /* AnimalFacts */ = {
			isa = PBXNativeTarget;
			buildConfigurationList = 029A05592C568F0F0068C177 /* Build configuration list for PBXNativeTarget "AnimalFacts" */;
			buildPhases = (
				029A05472C568F0D0068C177 /* Sources */,
				029A05482C568F0D0068C177 /* Frameworks */,
				029A05492C568F0D0068C177 /* Resources */,
			);
			buildRules = (
			);
			dependencies = (
			);
			name = AnimalFacts;
			packageProductDependencies = (
				029A05632C568FC90068C177 /* ComposableArchitecture */,
			);
			productName = AnimalFacts;
			productReference = 029A054B2C568F0D0068C177 /* AnimalFacts.app */;
			productType = "com.apple.product-type.application";
		};
/* End PBXNativeTarget section */

/* Begin PBXProject section */
		029A05432C568F0D0068C177 /* Project object */ = {
			isa = PBXProject;
			attributes = {
				BuildIndependentTargetsInParallel = 1;
				LastSwiftUpdateCheck = 1540;
				LastUpgradeCheck = 1540;
				TargetAttributes = {
					029A054A2C568F0D0068C177 = {
						CreatedOnToolsVersion = 15.4;
					};
				};
			};
			buildConfigurationList = 029A05462C568F0D0068C177 /* Build configuration list for PBXProject "AnimalFacts" */;
			compatibilityVersion = "Xcode 14.0";
			developmentRegion = en;
			hasScannedForEncodings = 0;
			knownRegions = (
				en,
				Base,
			);
			mainGroup = 029A05422C568F0D0068C177;
			packageReferences = (
				029A05622C568FC90068C177 /* XCRemoteSwiftPackageReference "swift-composable-architecture" */,
			);
			productRefGroup = 029A054C2C568F0D0068C177 /* Products */;
			projectDirPath = "";
			projectRoot = "";
			targets = (
				029A054A2C568F0D0068C177 /* AnimalFacts */,
			);
		};
/* End PBXProject section */

/* Begin PBXResourcesBuildPhase section */
		029A05492C568F0D0068C177 /* Resources */ = {
			isa = PBXResourcesBuildPhase;
			buildActionMask = 2147483647;
			files = (
				029A05562C568F0F0068C177 /* Preview Assets.xcassets in Resources */,
				029A05532C568F0F0068C177 /* Assets.xcassets in Resources */,
			);
			runOnlyForDeploymentPostprocessing = 0;
		};
/* End PBXResourcesBuildPhase section */

/* Begin PBXSourcesBuildPhase section */
		029A05472C568F0D0068C177 /* Sources */ = {
			isa = PBXSourcesBuildPhase;
			buildActionMask = 2147483647;
			files = (
				029A05792C569B590068C177 /* AnimalFactsView.swift in Sources */,
				029A05772C569B480068C177 /* AnimalFactsFeature.swift in Sources */,
				029A05732C569B200068C177 /* AnimalCategoriesView.swift in Sources */,
				029A05662C56910E0068C177 /* AnimalCategory.swift in Sources */,
				029A05512C568F0D0068C177 /* ContentView.swift in Sources */,
				029A054F2C568F0D0068C177 /* AnimalFactsApp.swift in Sources */,
				029A05752C569B330068C177 /* AnimalCategoriesFeature.swift in Sources */,
				029A057D2C569C170068C177 /* Constants.swift in Sources */,
				029A056A2C56914A0068C177 /* CategoryStatus.swift in Sources */,
				029A056F2C569AC90068C177 /* ErrorView.swift in Sources */,
				029A05682C5691300068C177 /* AnimalFact.swift in Sources */,
				029A057B2C569BEE0068C177 /* NetworkService.swift in Sources */,
				029A056D2C569AB90068C177 /* LoadingView.swift in Sources */,
			);
			runOnlyForDeploymentPostprocessing = 0;
		};
/* End PBXSourcesBuildPhase section */

/* Begin XCBuildConfiguration section */
		029A05572C568F0F0068C177 /* Debug */ = {
			isa = XCBuildConfiguration;
			buildSettings = {
				ALWAYS_SEARCH_USER_PATHS = NO;
				ASSETCATALOG_COMPILER_GENERATE_SWIFT_ASSET_SYMBOL_EXTENSIONS = YES;
				CLANG_ANALYZER_NONNULL = YES;
				CLANG_ANALYZER_NUMBER_OBJECT_CONVERSION = YES_AGGRESSIVE;
				CLANG_CXX_LANGUAGE_STANDARD = "gnu++20";
				CLANG_ENABLE_MODULES = YES;
				CLANG_ENABLE_OBJC_ARC = YES;
				CLANG_ENABLE_OBJC_WEAK = YES;
				CLANG_WARN_BLOCK_CAPTURE_AUTORELEASING = YES;
				CLANG_WARN_BOOL_CONVERSION = YES;
				CLANG_WARN_COMMA = YES;
				CLANG_WARN_CONSTANT_CONVERSION = YES;
				CLANG_WARN_DEPRECATED_OBJC_IMPLEMENTATIONS = YES;
				CLANG_WARN_DIRECT_OBJC_ISA_USAGE = YES_ERROR;
				CLANG_WARN_DOCUMENTATION_COMMENTS = YES;
				CLANG_WARN_EMPTY_BODY = YES;
				CLANG_WARN_ENUM_CONVERSION = YES;
				CLANG_WARN_INFINITE_RECURSION = YES;
				CLANG_WARN_INT_CONVERSION = YES;
				CLANG_WARN_NON_LITERAL_NULL_CONVERSION = YES;
				CLANG_WARN_OBJC_IMPLICIT_RETAIN_SELF = YES;
				CLANG_WARN_OBJC_LITERAL_CONVERSION = YES;
				CLANG_WARN_OBJC_ROOT_CLASS = YES_ERROR;
				CLANG_WARN_QUOTED_INCLUDE_IN_FRAMEWORK_HEADER = YES;
				CLANG_WARN_RANGE_LOOP_ANALYSIS = YES;
				CLANG_WARN_STRICT_PROTOTYPES = YES;
				CLANG_WARN_SUSPICIOUS_MOVE = YES;
				CLANG_WARN_UNGUARDED_AVAILABILITY = YES_AGGRESSIVE;
				CLANG_WARN_UNREACHABLE_CODE = YES;
				CLANG_WARN__DUPLICATE_METHOD_MATCH = YES;
				COPY_PHASE_STRIP = NO;
				DEBUG_INFORMATION_FORMAT = dwarf;
				ENABLE_STRICT_OBJC_MSGSEND = YES;
				ENABLE_TESTABILITY = YES;
				ENABLE_USER_SCRIPT_SANDBOXING = YES;
				GCC_C_LANGUAGE_STANDARD = gnu17;
				GCC_DYNAMIC_NO_PIC = NO;
				GCC_NO_COMMON_BLOCKS = YES;
				GCC_OPTIMIZATION_LEVEL = 0;
				GCC_PREPROCESSOR_DEFINITIONS = (
					"DEBUG=1",
					"$(inherited)",
				);
				GCC_WARN_64_TO_32_BIT_CONVERSION = YES;
				GCC_WARN_ABOUT_RETURN_TYPE = YES_ERROR;
				GCC_WARN_UNDECLARED_SELECTOR = YES;
				GCC_WARN_UNINITIALIZED_AUTOS = YES_AGGRESSIVE;
				GCC_WARN_UNUSED_FUNCTION = YES;
				GCC_WARN_UNUSED_VARIABLE = YES;
				IPHONEOS_DEPLOYMENT_TARGET = 17.5;
				LOCALIZATION_PREFERS_STRING_CATALOGS = YES;
				MTL_ENABLE_DEBUG_INFO = INCLUDE_SOURCE;
				MTL_FAST_MATH = YES;
				ONLY_ACTIVE_ARCH = YES;
				SDKROOT = iphoneos;
				SWIFT_ACTIVE_COMPILATION_CONDITIONS = "DEBUG $(inherited)";
				SWIFT_OPTIMIZATION_LEVEL = "-Onone";
			};
			name = Debug;
		};
		029A05582C568F0F0068C177 /* Release */ = {
			isa = XCBuildConfiguration;
			buildSettings = {
				ALWAYS_SEARCH_USER_PATHS = NO;
				ASSETCATALOG_COMPILER_GENERATE_SWIFT_ASSET_SYMBOL_EXTENSIONS = YES;
				CLANG_ANALYZER_NONNULL = YES;
				CLANG_ANALYZER_NUMBER_OBJECT_CONVERSION = YES_AGGRESSIVE;
				CLANG_CXX_LANGUAGE_STANDARD = "gnu++20";
				CLANG_ENABLE_MODULES = YES;
				CLANG_ENABLE_OBJC_ARC = YES;
				CLANG_ENABLE_OBJC_WEAK = YES;
				CLANG_WARN_BLOCK_CAPTURE_AUTORELEASING = YES;
				CLANG_WARN_BOOL_CONVERSION = YES;
				CLANG_WARN_COMMA = YES;
				CLANG_WARN_CONSTANT_CONVERSION = YES;
				CLANG_WARN_DEPRECATED_OBJC_IMPLEMENTATIONS = YES;
				CLANG_WARN_DIRECT_OBJC_ISA_USAGE = YES_ERROR;
				CLANG_WARN_DOCUMENTATION_COMMENTS = YES;
				CLANG_WARN_EMPTY_BODY = YES;
				CLANG_WARN_ENUM_CONVERSION = YES;
				CLANG_WARN_INFINITE_RECURSION = YES;
				CLANG_WARN_INT_CONVERSION = YES;
				CLANG_WARN_NON_LITERAL_NULL_CONVERSION = YES;
				CLANG_WARN_OBJC_IMPLICIT_RETAIN_SELF = YES;
				CLANG_WARN_OBJC_LITERAL_CONVERSION = YES;
				CLANG_WARN_OBJC_ROOT_CLASS = YES_ERROR;
				CLANG_WARN_QUOTED_INCLUDE_IN_FRAMEWORK_HEADER = YES;
				CLANG_WARN_RANGE_LOOP_ANALYSIS = YES;
				CLANG_WARN_STRICT_PROTOTYPES = YES;
				CLANG_WARN_SUSPICIOUS_MOVE = YES;
				CLANG_WARN_UNGUARDED_AVAILABILITY = YES_AGGRESSIVE;
				CLANG_WARN_UNREACHABLE_CODE = YES;
				CLANG_WARN__DUPLICATE_METHOD_MATCH = YES;
				COPY_PHASE_STRIP = NO;
				DEBUG_INFORMATION_FORMAT = "dwarf-with-dsym";
				ENABLE_NS_ASSERTIONS = NO;
				ENABLE_STRICT_OBJC_MSGSEND = YES;
				ENABLE_USER_SCRIPT_SANDBOXING = YES;
				GCC_C_LANGUAGE_STANDARD = gnu17;
				GCC_NO_COMMON_BLOCKS = YES;
				GCC_WARN_64_TO_32_BIT_CONVERSION = YES;
				GCC_WARN_ABOUT_RETURN_TYPE = YES_ERROR;
				GCC_WARN_UNDECLARED_SELECTOR = YES;
				GCC_WARN_UNINITIALIZED_AUTOS = YES_AGGRESSIVE;
				GCC_WARN_UNUSED_FUNCTION = YES;
				GCC_WARN_UNUSED_VARIABLE = YES;
				IPHONEOS_DEPLOYMENT_TARGET = 17.5;
				LOCALIZATION_PREFERS_STRING_CATALOGS = YES;
				MTL_ENABLE_DEBUG_INFO = NO;
				MTL_FAST_MATH = YES;
				SDKROOT = iphoneos;
				SWIFT_COMPILATION_MODE = wholemodule;
				VALIDATE_PRODUCT = YES;
			};
			name = Release;
		};
		029A055A2C568F0F0068C177 /* Debug */ = {
			isa = XCBuildConfiguration;
			buildSettings = {
				ASSETCATALOG_COMPILER_APPICON_NAME = AppIcon;
				ASSETCATALOG_COMPILER_GLOBAL_ACCENT_COLOR_NAME = AccentColor;
				CODE_SIGN_STYLE = Automatic;
				CURRENT_PROJECT_VERSION = 1;
				DEVELOPMENT_ASSET_PATHS = "\"AnimalFacts/Preview Content\"";
				ENABLE_PREVIEWS = YES;
				GENERATE_INFOPLIST_FILE = YES;
				INFOPLIST_KEY_UIApplicationSceneManifest_Generation = YES;
				INFOPLIST_KEY_UIApplicationSupportsIndirectInputEvents = YES;
				INFOPLIST_KEY_UILaunchScreen_Generation = YES;
				INFOPLIST_KEY_UISupportedInterfaceOrientations_iPad = "UIInterfaceOrientationPortrait UIInterfaceOrientationPortraitUpsideDown UIInterfaceOrientationLandscapeLeft UIInterfaceOrientationLandscapeRight";
				INFOPLIST_KEY_UISupportedInterfaceOrientations_iPhone = "UIInterfaceOrientationPortrait UIInterfaceOrientationLandscapeLeft UIInterfaceOrientationLandscapeRight";
				IPHONEOS_DEPLOYMENT_TARGET = 16.0;
				LD_RUNPATH_SEARCH_PATHS = (
					"$(inherited)",
					"@executable_path/Frameworks",
				);
				MARKETING_VERSION = 1.0;
				PRODUCT_BUNDLE_IDENTIFIER = stepanokcom.af.app.AnimalFacts;
				PRODUCT_NAME = "$(TARGET_NAME)";
				SWIFT_EMIT_LOC_STRINGS = YES;
				SWIFT_VERSION = 5.0;
				TARGETED_DEVICE_FAMILY = "1,2";
			};
			name = Debug;
		};
		029A055B2C568F0F0068C177 /* Release */ = {
			isa = XCBuildConfiguration;
			buildSettings = {
				ASSETCATALOG_COMPILER_APPICON_NAME = AppIcon;
				ASSETCATALOG_COMPILER_GLOBAL_ACCENT_COLOR_NAME = AccentColor;
				CODE_SIGN_STYLE = Automatic;
				CURRENT_PROJECT_VERSION = 1;
				DEVELOPMENT_ASSET_PATHS = "\"AnimalFacts/Preview Content\"";
				ENABLE_PREVIEWS = YES;
				GENERATE_INFOPLIST_FILE = YES;
				INFOPLIST_KEY_UIApplicationSceneManifest_Generation = YES;
				INFOPLIST_KEY_UIApplicationSupportsIndirectInputEvents = YES;
				INFOPLIST_KEY_UILaunchScreen_Generation = YES;
				INFOPLIST_KEY_UISupportedInterfaceOrientations_iPad = "UIInterfaceOrientationPortrait UIInterfaceOrientationPortraitUpsideDown UIInterfaceOrientationLandscapeLeft UIInterfaceOrientationLandscapeRight";
				INFOPLIST_KEY_UISupportedInterfaceOrientations_iPhone = "UIInterfaceOrientationPortrait UIInterfaceOrientationLandscapeLeft UIInterfaceOrientationLandscapeRight";
				IPHONEOS_DEPLOYMENT_TARGET = 16.0;
				LD_RUNPATH_SEARCH_PATHS = (
					"$(inherited)",
					"@executable_path/Frameworks",
				);
				MARKETING_VERSION = 1.0;
				PRODUCT_BUNDLE_IDENTIFIER = stepanokcom.af.app.AnimalFacts;
				PRODUCT_NAME = "$(TARGET_NAME)";
				SWIFT_EMIT_LOC_STRINGS = YES;
				SWIFT_VERSION = 5.0;
				TARGETED_DEVICE_FAMILY = "1,2";
			};
			name = Release;
		};
/* End XCBuildConfiguration section */

/* Begin XCConfigurationList section */
		029A05462C568F0D0068C177 /* Build configuration list for PBXProject "AnimalFacts" */ = {
			isa = XCConfigurationList;
			buildConfigurations = (
				029A05572C568F0F0068C177 /* Debug */,
				029A05582C568F0F0068C177 /* Release */,
			);
			defaultConfigurationIsVisible = 0;
			defaultConfigurationName = Release;
		};
		029A05592C568F0F0068C177 /* Build configuration list for PBXNativeTarget "AnimalFacts" */ = {
			isa = XCConfigurationList;
			buildConfigurations = (
				029A055A2C568F0F0068C177 /* Debug */,
				029A055B2C568F0F0068C177 /* Release */,
			);
			defaultConfigurationIsVisible = 0;
			defaultConfigurationName = Release;
		};
/* End XCConfigurationList section */

/* Begin XCRemoteSwiftPackageReference section */
		029A05622C568FC90068C177 /* XCRemoteSwiftPackageReference "swift-composable-architecture" */ = {
			isa = XCRemoteSwiftPackageReference;
			repositoryURL = "https://github.com/pointfreeco/swift-composable-architecture";
			requirement = {
				kind = upToNextMajorVersion;
				minimumVersion = 1.12.1;
			};
		};
/* End XCRemoteSwiftPackageReference section */

/* Begin XCSwiftPackageProductDependency section */
		029A05632C568FC90068C177 /* ComposableArchitecture */ = {
			isa = XCSwiftPackageProductDependency;
			package = 029A05622C568FC90068C177 /* XCRemoteSwiftPackageReference "swift-composable-architecture" */;
			productName = ComposableArchitecture;
		};
/* End XCSwiftPackageProductDependency section */
	};
	rootObject = 029A05432C568F0D0068C177 /* Project object */;
}
